
Microsoft Visual Studio Solution File, Format Version 12.00
Project("{FAE04EC0-301F-11D3-BF4B-00C04F79EFBC}") = "GuessTheWord", "GuessTheWord\GuessTheWord.csproj", "{09FCD4C7-0767-471F-BAD2-08B6D4D82FF6}"
EndProject
Project("{FAE04EC0-301F-11D3-BF4B-00C04F79EFBC}") = "TwoSum", "TwoSum\TwoSum.csproj", "{0777679B-D5CE-4C73-BDC5-CE45FF966BB2}"
EndProject
Project("{FAE04EC0-301F-11D3-BF4B-00C04F79EFBC}") = "AddTwoNumbers", "AddTwoNumbers\AddTwoNumbers.csproj", "{89E775B9-A306-412B-80C3-68CFCB932B4B}"
EndProject
Project("{FAE04EC0-301F-11D3-BF4B-00C04F79EFBC}") = "MultiplyStrings", "MultiplyStrings\MultiplyStrings.csproj", "{583F642D-00B6-4708-BD6F-47FCE22017D8}"
EndProject
Project("{FAE04EC0-301F-11D3-BF4B-00C04F79EFBC}") = "LongestSubstringWithoutRepeatingCharacters", "LongestSubstringWithoutRepeatingCharacters\LongestSubstringWithoutRepeatingCharacters.csproj", "{A540CB8E-2649-473E-9903-B41092A405A8}"
EndProject
Project("{FAE04EC0-301F-11D3-BF4B-00C04F79EFBC}") = "MedianOfTwoSortedArrays", "MedianOfTwoSortedArrays\MedianOfTwoSortedArrays.csproj", "{B2B60667-DD99-4390-924C-ECB01F39525E}"
EndProject
Project("{FAE04EC0-301F-11D3-BF4B-00C04F79EFBC}") = "LongestPalindromicSubstring", "LongestPalindromicSubstring\LongestPalindromicSubstring.csproj", "{1855D144-5E75-4E86-AA61-3D10093F09C2}"
EndProject
Project("{FAE04EC0-301F-11D3-BF4B-00C04F79EFBC}") = "LeetCodeLibrary", "LeetCodeLibrary\LeetCodeLibrary.csproj", "{47B87F94-D2B4-4B79-B366-394FE9147F55}"
EndProject
Project("{FAE04EC0-301F-11D3-BF4B-00C04F79EFBC}") = "UniqueBinarySearchTreesII", "UniqueBinarySearchTreesII\UniqueBinarySearchTreesII.csproj", "{8C24B53A-A2A4-4719-818F-9C0E331C616C}"
EndProject
Project("{FAE04EC0-301F-11D3-BF4B-00C04F79EFBC}") = "UniqueBinarySearchTrees", "UniqueBinarySearchTrees\UniqueBinarySearchTrees.csproj", "{CBCD86CE-CAFD-4DF7-81BB-601CB8C2D61B}"
EndProject
Project("{FAE04EC0-301F-11D3-BF4B-00C04F79EFBC}") = "NumberOfValidWordsForEachPuzzle", "NumberOfValidWordsForEachPuzzle\NumberOfValidWordsForEachPuzzle.csproj", "{16C9F91B-67D8-4BBD-A842-6DF8ED050E50}"
EndProject
Project("{FAE04EC0-301F-11D3-BF4B-00C04F79EFBC}") = "RegularExpressionMatching", "RegularExpressionMatching\RegularExpressionMatching.csproj", "{85C02013-8272-4638-A4E0-06F3BC0D4636}"
EndProject
Project("{FAE04EC0-301F-11D3-BF4B-00C04F79EFBC}") = "BestTimeToBuyAndSellStockII", "BestTimeToBuyAndSellStockII\BestTimeToBuyAndSellStockII.csproj", "{F73BDA61-2F4B-4664-B11D-64DCCC42590A}"
EndProject
Project("{FAE04EC0-301F-11D3-BF4B-00C04F79EFBC}") = "ZigzagConversion", "ZigzagConversion\ZigzagConversion.csproj", "{43E69F97-A1CE-422A-986A-E48EB5919A5B}"
EndProject
Project("{FAE04EC0-301F-11D3-BF4B-00C04F79EFBC}") = "StringToIntegerAtoi", "StringToIntegerAtoi\StringToIntegerAtoi.csproj", "{D6E5A94C-F0C8-449C-B7C5-C179ED83DD19}"
EndProject
Project("{FAE04EC0-301F-11D3-BF4B-00C04F79EFBC}") = "IteratorForCombination", "IteratorForCombination\IteratorForCombination.csproj", "{836FBA98-8542-43B6-B746-BFC8BDE026EC}"
EndProject
Project("{FAE04EC0-301F-11D3-BF4B-00C04F79EFBC}") = "MaximumFrequencyStack", "MaximumFrequencyStack\MaximumFrequencyStack.csproj", "{B37A6659-06BC-42CB-BBC1-6AA8FB0452F7}"
EndProject
Project("{FAE04EC0-301F-11D3-BF4B-00C04F79EFBC}") = "SmallestStringWithAGivenNumericValue", "SmallestStringWithAGivenNumericValue\SmallestStringWithAGivenNumericValue.csproj", "{A0D850D3-2CA9-44A0-A669-00CBFDE3F935}"
EndProject
Global
	GlobalSection(SolutionConfigurationPlatforms) = preSolution
		Debug|Any CPU = Debug|Any CPU
		Release|Any CPU = Release|Any CPU
	EndGlobalSection
	GlobalSection(ProjectConfigurationPlatforms) = postSolution
		{09FCD4C7-0767-471F-BAD2-08B6D4D82FF6}.Debug|Any CPU.ActiveCfg = Debug|Any CPU
		{09FCD4C7-0767-471F-BAD2-08B6D4D82FF6}.Debug|Any CPU.Build.0 = Debug|Any CPU
		{09FCD4C7-0767-471F-BAD2-08B6D4D82FF6}.Release|Any CPU.ActiveCfg = Release|Any CPU
		{09FCD4C7-0767-471F-BAD2-08B6D4D82FF6}.Release|Any CPU.Build.0 = Release|Any CPU
		{0777679B-D5CE-4C73-BDC5-CE45FF966BB2}.Debug|Any CPU.ActiveCfg = Debug|Any CPU
		{0777679B-D5CE-4C73-BDC5-CE45FF966BB2}.Debug|Any CPU.Build.0 = Debug|Any CPU
		{0777679B-D5CE-4C73-BDC5-CE45FF966BB2}.Release|Any CPU.ActiveCfg = Release|Any CPU
		{0777679B-D5CE-4C73-BDC5-CE45FF966BB2}.Release|Any CPU.Build.0 = Release|Any CPU
		{89E775B9-A306-412B-80C3-68CFCB932B4B}.Debug|Any CPU.ActiveCfg = Debug|Any CPU
		{89E775B9-A306-412B-80C3-68CFCB932B4B}.Debug|Any CPU.Build.0 = Debug|Any CPU
		{89E775B9-A306-412B-80C3-68CFCB932B4B}.Release|Any CPU.ActiveCfg = Release|Any CPU
		{89E775B9-A306-412B-80C3-68CFCB932B4B}.Release|Any CPU.Build.0 = Release|Any CPU
		{583F642D-00B6-4708-BD6F-47FCE22017D8}.Debug|Any CPU.ActiveCfg = Debug|Any CPU
		{583F642D-00B6-4708-BD6F-47FCE22017D8}.Debug|Any CPU.Build.0 = Debug|Any CPU
		{583F642D-00B6-4708-BD6F-47FCE22017D8}.Release|Any CPU.ActiveCfg = Release|Any CPU
		{583F642D-00B6-4708-BD6F-47FCE22017D8}.Release|Any CPU.Build.0 = Release|Any CPU
		{A540CB8E-2649-473E-9903-B41092A405A8}.Debug|Any CPU.ActiveCfg = Debug|Any CPU
		{A540CB8E-2649-473E-9903-B41092A405A8}.Debug|Any CPU.Build.0 = Debug|Any CPU
		{A540CB8E-2649-473E-9903-B41092A405A8}.Release|Any CPU.ActiveCfg = Release|Any CPU
		{A540CB8E-2649-473E-9903-B41092A405A8}.Release|Any CPU.Build.0 = Release|Any CPU
		{B2B60667-DD99-4390-924C-ECB01F39525E}.Debug|Any CPU.ActiveCfg = Debug|Any CPU
		{B2B60667-DD99-4390-924C-ECB01F39525E}.Debug|Any CPU.Build.0 = Debug|Any CPU
		{B2B60667-DD99-4390-924C-ECB01F39525E}.Release|Any CPU.ActiveCfg = Release|Any CPU
		{B2B60667-DD99-4390-924C-ECB01F39525E}.Release|Any CPU.Build.0 = Release|Any CPU
		{1855D144-5E75-4E86-AA61-3D10093F09C2}.Debug|Any CPU.ActiveCfg = Debug|Any CPU
		{1855D144-5E75-4E86-AA61-3D10093F09C2}.Debug|Any CPU.Build.0 = Debug|Any CPU
		{1855D144-5E75-4E86-AA61-3D10093F09C2}.Release|Any CPU.ActiveCfg = Release|Any CPU
		{1855D144-5E75-4E86-AA61-3D10093F09C2}.Release|Any CPU.Build.0 = Release|Any CPU
		{47B87F94-D2B4-4B79-B366-394FE9147F55}.Debug|Any CPU.ActiveCfg = Debug|Any CPU
		{47B87F94-D2B4-4B79-B366-394FE9147F55}.Debug|Any CPU.Build.0 = Debug|Any CPU
		{47B87F94-D2B4-4B79-B366-394FE9147F55}.Release|Any CPU.ActiveCfg = Release|Any CPU
		{47B87F94-D2B4-4B79-B366-394FE9147F55}.Release|Any CPU.Build.0 = Release|Any CPU
		{8C24B53A-A2A4-4719-818F-9C0E331C616C}.Debug|Any CPU.ActiveCfg = Debug|Any CPU
		{8C24B53A-A2A4-4719-818F-9C0E331C616C}.Debug|Any CPU.Build.0 = Debug|Any CPU
		{8C24B53A-A2A4-4719-818F-9C0E331C616C}.Release|Any CPU.ActiveCfg = Release|Any CPU
		{8C24B53A-A2A4-4719-818F-9C0E331C616C}.Release|Any CPU.Build.0 = Release|Any CPU
		{CBCD86CE-CAFD-4DF7-81BB-601CB8C2D61B}.Debug|Any CPU.ActiveCfg = Debug|Any CPU
		{CBCD86CE-CAFD-4DF7-81BB-601CB8C2D61B}.Debug|Any CPU.Build.0 = Debug|Any CPU
		{CBCD86CE-CAFD-4DF7-81BB-601CB8C2D61B}.Release|Any CPU.ActiveCfg = Release|Any CPU
		{CBCD86CE-CAFD-4DF7-81BB-601CB8C2D61B}.Release|Any CPU.Build.0 = Release|Any CPU
		{16C9F91B-67D8-4BBD-A842-6DF8ED050E50}.Debug|Any CPU.ActiveCfg = Debug|Any CPU
		{16C9F91B-67D8-4BBD-A842-6DF8ED050E50}.Debug|Any CPU.Build.0 = Debug|Any CPU
		{16C9F91B-67D8-4BBD-A842-6DF8ED050E50}.Release|Any CPU.ActiveCfg = Release|Any CPU
		{16C9F91B-67D8-4BBD-A842-6DF8ED050E50}.Release|Any CPU.Build.0 = Release|Any CPU
		{85C02013-8272-4638-A4E0-06F3BC0D4636}.Debug|Any CPU.ActiveCfg = Debug|Any CPU
		{85C02013-8272-4638-A4E0-06F3BC0D4636}.Debug|Any CPU.Build.0 = Debug|Any CPU
		{85C02013-8272-4638-A4E0-06F3BC0D4636}.Release|Any CPU.ActiveCfg = Release|Any CPU
		{85C02013-8272-4638-A4E0-06F3BC0D4636}.Release|Any CPU.Build.0 = Release|Any CPU
		{F73BDA61-2F4B-4664-B11D-64DCCC42590A}.Debug|Any CPU.ActiveCfg = Debug|Any CPU
		{F73BDA61-2F4B-4664-B11D-64DCCC42590A}.Debug|Any CPU.Build.0 = Debug|Any CPU
		{F73BDA61-2F4B-4664-B11D-64DCCC42590A}.Release|Any CPU.ActiveCfg = Release|Any CPU
		{F73BDA61-2F4B-4664-B11D-64DCCC42590A}.Release|Any CPU.Build.0 = Release|Any CPU
		{43E69F97-A1CE-422A-986A-E48EB5919A5B}.Debug|Any CPU.ActiveCfg = Debug|Any CPU
		{43E69F97-A1CE-422A-986A-E48EB5919A5B}.Debug|Any CPU.Build.0 = Debug|Any CPU
		{43E69F97-A1CE-422A-986A-E48EB5919A5B}.Release|Any CPU.ActiveCfg = Release|Any CPU
		{43E69F97-A1CE-422A-986A-E48EB5919A5B}.Release|Any CPU.Build.0 = Release|Any CPU
		{D6E5A94C-F0C8-449C-B7C5-C179ED83DD19}.Debug|Any CPU.ActiveCfg = Debug|Any CPU
		{D6E5A94C-F0C8-449C-B7C5-C179ED83DD19}.Debug|Any CPU.Build.0 = Debug|Any CPU
		{D6E5A94C-F0C8-449C-B7C5-C179ED83DD19}.Release|Any CPU.ActiveCfg = Release|Any CPU
		{D6E5A94C-F0C8-449C-B7C5-C179ED83DD19}.Release|Any CPU.Build.0 = Release|Any CPU
		{836FBA98-8542-43B6-B746-BFC8BDE026EC}.Debug|Any CPU.ActiveCfg = Debug|Any CPU
		{836FBA98-8542-43B6-B746-BFC8BDE026EC}.Debug|Any CPU.Build.0 = Debug|Any CPU
		{836FBA98-8542-43B6-B746-BFC8BDE026EC}.Release|Any CPU.ActiveCfg = Release|Any CPU
		{836FBA98-8542-43B6-B746-BFC8BDE026EC}.Release|Any CPU.Build.0 = Release|Any CPU
		{B37A6659-06BC-42CB-BBC1-6AA8FB0452F7}.Debug|Any CPU.ActiveCfg = Debug|Any CPU
		{B37A6659-06BC-42CB-BBC1-6AA8FB0452F7}.Debug|Any CPU.Build.0 = Debug|Any CPU
		{B37A6659-06BC-42CB-BBC1-6AA8FB0452F7}.Release|Any CPU.ActiveCfg = Release|Any CPU
		{B37A6659-06BC-42CB-BBC1-6AA8FB0452F7}.Release|Any CPU.Build.0 = Release|Any CPU
		{A0D850D3-2CA9-44A0-A669-00CBFDE3F935}.Debug|Any CPU.ActiveCfg = Debug|Any CPU
		{A0D850D3-2CA9-44A0-A669-00CBFDE3F935}.Debug|Any CPU.Build.0 = Debug|Any CPU
		{A0D850D3-2CA9-44A0-A669-00CBFDE3F935}.Release|Any CPU.ActiveCfg = Release|Any CPU
		{A0D850D3-2CA9-44A0-A669-00CBFDE3F935}.Release|Any CPU.Build.0 = Release|Any CPU
	EndGlobalSection
EndGlobal
